{
  "name": "road3d",
  "version": "1.0.0",
  "lockfileVersion": 1,
  "requires": true,
  "dependencies": {
    "babel-cli": {
      "version": "6.24.1",
      "resolved": "https://registry.npmjs.org/babel-cli/-/babel-cli-6.24.1.tgz",
      "integrity": "sha1-IHzXBbumFImy6kG1MSNBz2rKIoM=",
      "dev": true
    },
    "babel-core": {
      "version": "6.24.1",
      "resolved": "https://registry.npmjs.org/babel-core/-/babel-core-6.24.1.tgz",
      "integrity": "sha1-jEKFZNzh4fQfszfsNPTDsCK1rYM=",
      "dev": true
    },
    "babel-loader": {
      "version": "7.0.0",
      "resolved": "https://registry.npmjs.org/babel-loader/-/babel-loader-7.0.0.tgz",
      "integrity": "sha1-LkOma+4f/0RwUz0EAsikUy+vuvc=",
      "dev": true,
      "dependencies": {
        "loader-utils": {
          "version": "1.1.0",
          "resolved": "https://registry.npmjs.org/loader-utils/-/loader-utils-1.1.0.tgz",
          "integrity": "sha1-yYrvSIvM7aL/teLeZG1qdUQp9c0="
        }
      }
    },
    "babel-preset-env": {
      "version": "1.5.1",
      "resolved": "https://registry.npmjs.org/babel-preset-env/-/babel-preset-env-1.5.1.tgz",
      "integrity": "sha1-0uymrxee3yfNwwWoSCD2AbRW3Qs=",
      "dev": true
    },
    "eslint": {
      "version": "3.19.0",
      "resolved": "https://registry.npmjs.org/eslint/-/eslint-3.19.0.tgz",
      "integrity": "sha1-yPxiAcf0DdCJQbh8CFdnOGpnmsw=",
      "dependencies": {
        "strip-bom": {
          "version": "3.0.0",
          "resolved": "https://registry.npmjs.org/strip-bom/-/strip-bom-3.0.0.tgz",
          "integrity": "sha1-IzTBjpx1n3vdVv3vfprj1YjmjtM="
        },
        "user-home": {
          "version": "2.0.0",
          "resolved": "https://registry.npmjs.org/user-home/-/user-home-2.0.0.tgz",
          "integrity": "sha1-nHC/2Babwdy/SGBODwS4tJzenp8="
        }
      }
    },
    "gulp": {
      "version": "3.9.1",
      "resolved": "https://registry.npmjs.org/gulp/-/gulp-3.9.1.tgz",
      "integrity": "sha1-VxzkWSjdQK9lFPxAEYZgFsE4RbQ=",
      "dev": true,
      "dependencies": {
        "minimist": {
          "version": "1.2.0",
          "resolved": "https://registry.npmjs.org/minimist/-/minimist-1.2.0.tgz",
          "integrity": "sha1-o1AIsg9BOD7sH7kU9M1d95omQoQ="
        },
        "semver": {
          "version": "4.3.6",
          "resolved": "https://registry.npmjs.org/semver/-/semver-4.3.6.tgz",
          "integrity": "sha1-MAvG4OhjdPe6YQaLWx7NV/xlMto="
        }
      }
    },
    "gulp-babel": {
      "version": "6.1.2",
      "resolved": "https://registry.npmjs.org/gulp-babel/-/gulp-babel-6.1.2.tgz",
      "integrity": "sha1-fAF25Lo/JExgWIoMSzIKRdGt784=",
      "dev": true
    },
    "webpack": {
      "version": "2.6.1",
      "resolved": "https://registry.npmjs.org/webpack/-/webpack-2.6.1.tgz",
      "integrity": "sha1-LgRX8KuxrF3zqxBsacZy8jZ4Xwc=",
      "dev": true,
      "dependencies": {
        "supports-color": {
          "version": "3.2.3",
          "resolved": "https://registry.npmjs.org/supports-color/-/supports-color-3.2.3.tgz",
          "integrity": "sha1-ZawFBLOVQXHYpklGsq48u4pfVPY="
        }
      }
    },
    "webpack-stream": {
      "version": "3.2.0",
      "resolved": "https://registry.npmjs.org/webpack-stream/-/webpack-stream-3.2.0.tgz",
      "integrity": "sha1-Oh0WD7EdQXJ7fObzL3IkZPmLIYY=",
      "dev": true,
      "dependencies": {
        "acorn": {
          "version": "3.3.0",
          "resolved": "https://registry.npmjs.org/acorn/-/acorn-3.3.0.tgz",
          "integrity": "sha1-ReN/s56No/JbruP/U2niu18iAXo="
        },
        "async": {
          "version": "1.5.2",
          "resolved": "https://registry.npmjs.org/async/-/async-1.5.2.tgz",
          "integrity": "sha1-7GphrlZIDAw8skHJVhjiCJL5Zyo="
        },
        "browserify-aes": {
          "version": "0.4.0",
          "resolved": "https://registry.npmjs.org/browserify-aes/-/browserify-aes-0.4.0.tgz",
          "integrity": "sha1-BnFJtmjfMcS1hTPgLQHoBthgjiw="
        },
        "crypto-browserify": {
          "version": "3.3.0",
          "resolved": "https://registry.npmjs.org/crypto-browserify/-/crypto-browserify-3.3.0.tgz",
          "integrity": "sha1-ufx1u0oO1h3PHNXa6W6zDJw+UGw="
        },
        "enhanced-resolve": {
          "version": "0.9.1",
          "resolved": "https://registry.npmjs.org/enhanced-resolve/-/enhanced-resolve-0.9.1.tgz",
          "integrity": "sha1-TW5omzcl+GCQknzMhs2fFjW4ni4=",
          "dependencies": {
            "memory-fs": {
              "version": "0.2.0",
              "resolved": "https://registry.npmjs.org/memory-fs/-/memory-fs-0.2.0.tgz",
              "integrity": "sha1-8rslNovBIeORwlIN6Slpyu4KApA="
            }
          }
        },
        "interpret": {
          "version": "0.6.6",
          "resolved": "https://registry.npmjs.org/interpret/-/interpret-0.6.6.tgz",
          "integrity": "sha1-/s16GOfOXKar+5U+H4YhOknxYls="
        },
        "memory-fs": {
          "version": "0.3.0",
          "resolved": "https://registry.npmjs.org/memory-fs/-/memory-fs-0.3.0.tgz",
          "integrity": "sha1-e8xrYp46Q+hx1+Kaymrop/FcuyA="
        },
        "node-libs-browser": {
          "version": "0.7.0",
          "resolved": "https://registry.npmjs.org/node-libs-browser/-/node-libs-browser-0.7.0.tgz",
          "integrity": "sha1-PicsCBnjCJNeJmdECNevDhSRuDs="
        },
        "ripemd160": {
          "version": "0.2.0",
          "resolved": "https://registry.npmjs.org/ripemd160/-/ripemd160-0.2.0.tgz",
          "integrity": "sha1-K/GYveFnys+lHAqSjoS2i74XH84="
        },
        "sha.js": {
          "version": "2.2.6",
          "resolved": "https://registry.npmjs.org/sha.js/-/sha.js-2.2.6.tgz",
          "integrity": "sha1-F93t3F9yL7ZlAWWIlUYZd4ZzFbo="
        },
        "string_decoder": {
          "version": "0.10.31",
          "resolved": "https://registry.npmjs.org/string_decoder/-/string_decoder-0.10.31.tgz",
          "integrity": "sha1-YuIDvEF2bGwoyfyEMB2rHFMQ+pQ="
        },
        "supports-color": {
          "version": "3.2.3",
          "resolved": "https://registry.npmjs.org/supports-color/-/supports-color-3.2.3.tgz",
          "integrity": "sha1-ZawFBLOVQXHYpklGsq48u4pfVPY="
        },
        "tapable": {
          "version": "0.1.10",
          "resolved": "https://registry.npmjs.org/tapable/-/tapable-0.1.10.tgz",
          "integrity": "sha1-KcNXB8K3DlDQdIK10gLo7URtr9Q="
        },
        "uglify-js": {
          "version": "2.7.5",
          "resolved": "https://registry.npmjs.org/uglify-js/-/uglify-js-2.7.5.tgz",
          "integrity": "sha1-RhLAx7qu4rp8SH3kkErhIgefLKg=",
          "dependencies": {
            "async": {
              "version": "0.2.10",
              "resolved": "https://registry.npmjs.org/async/-/async-0.2.10.tgz",
              "integrity": "sha1-trvgsGdLnXGXCMo43owjfLUmw9E="
            }
          }
        },
        "vinyl": {
          "version": "1.2.0",
          "resolved": "https://registry.npmjs.org/vinyl/-/vinyl-1.2.0.tgz",
          "integrity": "sha1-XIgDbPVl5d8FVYv8kR+GVt8hiIQ="
        },
        "watchpack": {
          "version": "0.2.9",
          "resolved": "https://registry.npmjs.org/watchpack/-/watchpack-0.2.9.tgz",
          "integrity": "sha1-Yuqkq15bo1/fwBgnVibjwPXj+ws=",
          "dependencies": {
            "async": {
              "version": "0.9.2",
              "resolved": "https://registry.npmjs.org/async/-/async-0.9.2.tgz",
              "integrity": "sha1-rqdNXmHB+JlhO/ZL2mbUx48v0X0="
            }
          }
        },
        "webpack": {
          "version": "1.15.0",
          "resolved": "https://registry.npmjs.org/webpack/-/webpack-1.15.0.tgz",
          "integrity": "sha1-T/MfU9sDM55VFkqdRo7gMklo/pg="
        },
        "yargs": {
          "version": "3.10.0",
          "resolved": "https://registry.npmjs.org/yargs/-/yargs-3.10.0.tgz",
          "integrity": "sha1-9+572FfdfB0tOMDnTvvWgdFDH9E="
        }
      }
    }
  }
}
